
Microsoft Visual Studio Solution File, Format Version 12.00
# Visual Studio Version 17
VisualStudioVersion = 17.10.35027.167
MinimumVisualStudioVersion = 10.0.40219.1
Project("{FAE04EC0-301F-11D3-BF4B-00C04F79EFBC}") = "MoneyHeist", "MoneyHeist\MoneyHeist.csproj", "{5B72A722-80BB-4DD5-BF7C-56CD0EDCE177}"
EndProject
Global
	GlobalSection(SolutionConfigurationPlatforms) = preSolution
		Debug|Any CPU = Debug|Any CPU
		Release|Any CPU = Release|Any CPU
	EndGlobalSection
	GlobalSection(ProjectConfigurationPlatforms) = postSolution
		{5B72A722-80BB-4DD5-BF7C-56CD0EDCE177}.Debug|Any CPU.ActiveCfg = Debug|Any CPU
		{5B72A722-80BB-4DD5-BF7C-56CD0EDCE177}.Debug|Any CPU.Build.0 = Debug|Any CPU
		{5B72A722-80BB-4DD5-BF7C-56CD0EDCE177}.Release|Any CPU.ActiveCfg = Release|Any CPU
		{5B72A722-80BB-4DD5-BF7C-56CD0EDCE177}.Release|Any CPU.Build.0 = Release|Any CPU
	EndGlobalSection
	GlobalSection(SolutionProperties) = preSolution
		HideSolutionNode = FALSE
	EndGlobalSection
	GlobalSection(ExtensibilityGlobals) = postSolution
		SolutionGuid = {4F270A11-5919-4FCA-881A-8B609A61B88D}
	EndGlobalSection
EndGlobal
